<?xml version="1.0" encoding="utf-8"?>
<Project ToolsVersion="4.0" xmlns="http://schemas.microsoft.com/developer/msbuild/2003">
  <ItemGroup>
    <ClCompile Include="apiManager.cpp">
      <Filter>Source Files</Filter>
    </ClCompile>
    <ClCompile Include="main.cpp">
      <Filter>Source Files</Filter>
    </ClCompile>
    <ClCompile Include="databaseManager.cpp">
      <Filter>Source Files</Filter>
    </ClCompile>
    <ClCompile Include="mainWin.cpp">
      <Filter>Source Files</Filter>
    </ClCompile>
  </ItemGroup>
  <ItemGroup>
    <ClInclude Include="databaseManager.h">
      <Filter>Header Files</Filter>
    </ClInclude>
    <ClInclude Include="apiManager.h">
      <Filter>Header Files</Filter>
    </ClInclude>
    <ClInclude Include="typingTestResults.h">
      <Filter>Header Files</Filter>
    </ClInclude>
    <ClInclude Include="plotData.h">
      <Filter>Header Files</Filter>
    </ClInclude>
  </ItemGroup>
  <ItemGroup>
    <Filter Include="Header Files">
      <UniqueIdentifier>{710a9383-a80a-421a-8e65-9a9739d1d03f}</UniqueIdentifier>
    </Filter>
    <Filter Include="Source Files">
      <UniqueIdentifier>{76d22e92-6f22-42e3-8706-e15a4d1c6e31}</UniqueIdentifier>
    </Filter>
    <Filter Include="Resource Files">
      <UniqueIdentifier>{a652ee59-0460-4f40-974c-c662c44bab11}</UniqueIdentifier>
    </Filter>
  </ItemGroup>
</Project>